
Microsoft Visual Studio Solution File, Format Version 12.00
# Visual Studio Version 17
VisualStudioVersion = 17.3.32929.385
MinimumVisualStudioVersion = 10.0.40219.1
Project("{FAE04EC0-301F-11D3-BF4B-00C04F79EFBC}") = "NetCore31ConsoleApp", "NetCore31ConsoleApp\NetCore31ConsoleApp.csproj", "{51215849-86B4-42B1-9485-2D1E3717A4DE}"
EndProject
Global
	GlobalSection(SolutionConfigurationPlatforms) = preSolution
		Debug|Any CPU = Debug|Any CPU
		Release|Any CPU = Release|Any CPU
	EndGlobalSection
	GlobalSection(ProjectConfigurationPlatforms) = postSolution
		{51215849-86B4-42B1-9485-2D1E3717A4DE}.Debug|Any CPU.ActiveCfg = Debug|Any CPU
		{51215849-86B4-42B1-9485-2D1E3717A4DE}.Debug|Any CPU.Build.0 = Debug|Any CPU
		{51215849-86B4-42B1-9485-2D1E3717A4DE}.Release|Any CPU.ActiveCfg = Release|Any CPU
		{51215849-86B4-42B1-9485-2D1E3717A4DE}.Release|Any CPU.Build.0 = Release|Any CPU
	EndGlobalSection
	GlobalSection(SolutionProperties) = preSolution
		HideSolutionNode = FALSE
	EndGlobalSection
	GlobalSection(ExtensibilityGlobals) = postSolution
		SolutionGuid = {84A0A8D6-B006-4FF9-A767-E483DE4CDC40}
	EndGlobalSection
EndGlobal
